// !$*UTF8*$!
{
	archiveVersion = 1;
	classes = {
	};
	objectVersion = 56;
	objects = {

/* Begin PBXBuildFile section */
		7B9AFF182A5E242800B75C28 /* Fetch_Coding_ChallengeApp.swift in Sources */ = {isa = PBXBuildFile; fileRef = 7B9AFF172A5E242800B75C28 /* Fetch_Coding_ChallengeApp.swift */; };
		7B9AFF1A2A5E242800B75C28 /* ContentView.swift in Sources */ = {isa = PBXBuildFile; fileRef = 7B9AFF192A5E242800B75C28 /* ContentView.swift */; };
		7B9AFF1C2A5E242A00B75C28 /* Assets.xcassets in Resources */ = {isa = PBXBuildFile; fileRef = 7B9AFF1B2A5E242A00B75C28 /* Assets.xcassets */; };
		7B9AFF1F2A5E242A00B75C28 /* Preview Assets.xcassets in Resources */ = {isa = PBXBuildFile; fileRef = 7B9AFF1E2A5E242A00B75C28 /* Preview Assets.xcassets */; };
		7B9AFF292A5E242B00B75C28 /* Fetch_Coding_ChallengeTests.swift in Sources */ = {isa = PBXBuildFile; fileRef = 7B9AFF282A5E242B00B75C28 /* Fetch_Coding_ChallengeTests.swift */; };
		7B9AFF332A5E242B00B75C28 /* Fetch_Coding_ChallengeUITests.swift in Sources */ = {isa = PBXBuildFile; fileRef = 7B9AFF322A5E242B00B75C28 /* Fetch_Coding_ChallengeUITests.swift */; };
		7B9AFF352A5E242B00B75C28 /* Fetch_Coding_ChallengeUITestsLaunchTests.swift in Sources */ = {isa = PBXBuildFile; fileRef = 7B9AFF342A5E242B00B75C28 /* Fetch_Coding_ChallengeUITestsLaunchTests.swift */; };
/* End PBXBuildFile section */

/* Begin PBXContainerItemProxy section */
		7B9AFF252A5E242B00B75C28 /* PBXContainerItemProxy */ = {
			isa = PBXContainerItemProxy;
			containerPortal = 7B9AFF0C2A5E242800B75C28 /* Project object */;
			proxyType = 1;
			remoteGlobalIDString = 7B9AFF132A5E242800B75C28;
			remoteInfo = "Fetch-Coding-Challenge";
		};
		7B9AFF2F2A5E242B00B75C28 /* PBXContainerItemProxy */ = {
			isa = PBXContainerItemProxy;
			containerPortal = 7B9AFF0C2A5E242800B75C28 /* Project object */;
			proxyType = 1;
			remoteGlobalIDString = 7B9AFF132A5E242800B75C28;
			remoteInfo = "Fetch-Coding-Challenge";
		};
/* End PBXContainerItemProxy section */

/* Begin PBXFileReference section */
		7B9AFF142A5E242800B75C28 /* Fetch-Coding-Challenge.app */ = {isa = PBXFileReference; explicitFileType = wrapper.application; includeInIndex = 0; path = "Fetch-Coding-Challenge.app"; sourceTree = BUILT_PRODUCTS_DIR; };
		7B9AFF172A5E242800B75C28 /* Fetch_Coding_ChallengeApp.swift */ = {isa = PBXFileReference; lastKnownFileType = sourcecode.swift; path = Fetch_Coding_ChallengeApp.swift; sourceTree = "<group>"; };
		7B9AFF192A5E242800B75C28 /* ContentView.swift */ = {isa = PBXFileReference; lastKnownFileType = sourcecode.swift; path = ContentView.swift; sourceTree = "<group>"; };
		7B9AFF1B2A5E242A00B75C28 /* Assets.xcassets */ = {isa = PBXFileReference; lastKnownFileType = folder.assetcatalog; path = Assets.xcassets; sourceTree = "<group>"; };
		7B9AFF1E2A5E242A00B75C28 /* Preview Assets.xcassets */ = {isa = PBXFileReference; lastKnownFileType = folder.assetcatalog; path = "Preview Assets.xcassets"; sourceTree = "<group>"; };
		7B9AFF242A5E242B00B75C28 /* Fetch-Coding-ChallengeTests.xctest */ = {isa = PBXFileReference; explicitFileType = wrapper.cfbundle; includeInIndex = 0; path = "Fetch-Coding-ChallengeTests.xctest"; sourceTree = BUILT_PRODUCTS_DIR; };
		7B9AFF282A5E242B00B75C28 /* Fetch_Coding_ChallengeTests.swift */ = {isa = PBXFileReference; lastKnownFileType = sourcecode.swift; path = Fetch_Coding_ChallengeTests.swift; sourceTree = "<group>"; };
		7B9AFF2E2A5E242B00B75C28 /* Fetch-Coding-ChallengeUITests.xctest */ = {isa = PBXFileReference; explicitFileType = wrapper.cfbundle; includeInIndex = 0; path = "Fetch-Coding-ChallengeUITests.xctest"; sourceTree = BUILT_PRODUCTS_DIR; };
		7B9AFF322A5E242B00B75C28 /* Fetch_Coding_ChallengeUITests.swift */ = {isa = PBXFileReference; lastKnownFileType = sourcecode.swift; path = Fetch_Coding_ChallengeUITests.swift; sourceTree = "<group>"; };
		7B9AFF342A5E242B00B75C28 /* Fetch_Coding_ChallengeUITestsLaunchTests.swift */ = {isa = PBXFileReference; lastKnownFileType = sourcecode.swift; path = Fetch_Coding_ChallengeUITestsLaunchTests.swift; sourceTree = "<group>"; };
/* End PBXFileReference section */

/* Begin PBXFrameworksBuildPhase section */
		7B9AFF112A5E242800B75C28 /* Frameworks */ = {
			isa = PBXFrameworksBuildPhase;
			buildActionMask = 2147483647;
			files = (
			);
			runOnlyForDeploymentPostprocessing = 0;
		};
		7B9AFF212A5E242B00B75C28 /* Frameworks */ = {
			isa = PBXFrameworksBuildPhase;
			buildActionMask = 2147483647;
			files = (
			);
			runOnlyForDeploymentPostprocessing = 0;
		};
		7B9AFF2B2A5E242B00B75C28 /* Frameworks */ = {
			isa = PBXFrameworksBuildPhase;
			buildActionMask = 2147483647;
			files = (
			);
			runOnlyForDeploymentPostprocessing = 0;
		};
/* End PBXFrameworksBuildPhase section */

/* Begin PBXGroup section */
		7B9AFF0B2A5E242800B75C28 = {
			isa = PBXGroup;
			children = (
				7B9AFF162A5E242800B75C28 /* Fetch-Coding-Challenge */,
				7B9AFF272A5E242B00B75C28 /* Fetch-Coding-ChallengeTests */,
				7B9AFF312A5E242B00B75C28 /* Fetch-Coding-ChallengeUITests */,
				7B9AFF152A5E242800B75C28 /* Products */,
			);
			sourceTree = "<group>";
		};
		7B9AFF152A5E242800B75C28 /* Products */ = {
			isa = PBXGroup;
			children = (
				7B9AFF142A5E242800B75C28 /* Fetch-Coding-Challenge.app */,
				7B9AFF242A5E242B00B75C28 /* Fetch-Coding-ChallengeTests.xctest */,
				7B9AFF2E2A5E242B00B75C28 /* Fetch-Coding-ChallengeUITests.xctest */,
			);
			name = Products;
			sourceTree = "<group>";
		};
		7B9AFF162A5E242800B75C28 /* Fetch-Coding-Challenge */ = {
			isa = PBXGroup;
			children = (
				7B9AFF172A5E242800B75C28 /* Fetch_Coding_ChallengeApp.swift */,
				7B9AFF192A5E242800B75C28 /* ContentView.swift */,
				7B9AFF1B2A5E242A00B75C28 /* Assets.xcassets */,
				7B9AFF1D2A5E242A00B75C28 /* Preview Content */,
			);
			path = "Fetch-Coding-Challenge";
			sourceTree = "<group>";
		};
		7B9AFF1D2A5E242A00B75C28 /* Preview Content */ = {
			isa = PBXGroup;
			children = (
				7B9AFF1E2A5E242A00B75C28 /* Preview Assets.xcassets */,
			);
			path = "Preview Content";
			sourceTree = "<group>";
		};
		7B9AFF272A5E242B00B75C28 /* Fetch-Coding-ChallengeTests */ = {
			isa = PBXGroup;
			children = (
				7B9AFF282A5E242B00B75C28 /* Fetch_Coding_ChallengeTests.swift */,
			);
			path = "Fetch-Coding-ChallengeTests";
			sourceTree = "<group>";
		};
		7B9AFF312A5E242B00B75C28 /* Fetch-Coding-ChallengeUITests */ = {
			isa = PBXGroup;
			children = (
				7B9AFF322A5E242B00B75C28 /* Fetch_Coding_ChallengeUITests.swift */,
				7B9AFF342A5E242B00B75C28 /* Fetch_Coding_ChallengeUITestsLaunchTests.swift */,
			);
			path = "Fetch-Coding-ChallengeUITests";
			sourceTree = "<group>";
		};
/* End PBXGroup section */

/* Begin PBXNativeTarget section */
		7B9AFF132A5E242800B75C28 /* Fetch-Coding-Challenge */ = {
			isa = PBXNativeTarget;
			buildConfigurationList = 7B9AFF382A5E242B00B75C28 /* Build configuration list for PBXNativeTarget "Fetch-Coding-Challenge" */;
			buildPhases = (
				7B9AFF102A5E242800B75C28 /* Sources */,
				7B9AFF112A5E242800B75C28 /* Frameworks */,
				7B9AFF122A5E242800B75C28 /* Resources */,
			);
			buildRules = (
			);
			dependencies = (
			);
			name = "Fetch-Coding-Challenge";
			productName = "Fetch-Coding-Challenge";
			productReference = 7B9AFF142A5E242800B75C28 /* Fetch-Coding-Challenge.app */;
			productType = "com.apple.product-type.application";
		};
		7B9AFF232A5E242B00B75C28 /* Fetch-Coding-ChallengeTests */ = {
			isa = PBXNativeTarget;
			buildConfigurationList = 7B9AFF3B2A5E242B00B75C28 /* Build configuration list for PBXNativeTarget "Fetch-Coding-ChallengeTests" */;
			buildPhases = (
				7B9AFF202A5E242B00B75C28 /* Sources */,
				7B9AFF212A5E242B00B75C28 /* Frameworks */,
				7B9AFF222A5E242B00B75C28 /* Resources */,
			);
			buildRules = (
			);
			dependencies = (
				7B9AFF262A5E242B00B75C28 /* PBXTargetDependency */,
			);
			name = "Fetch-Coding-ChallengeTests";
			productName = "Fetch-Coding-ChallengeTests";
			productReference = 7B9AFF242A5E242B00B75C28 /* Fetch-Coding-ChallengeTests.xctest */;
			productType = "com.apple.product-type.bundle.unit-test";
		};
		7B9AFF2D2A5E242B00B75C28 /* Fetch-Coding-ChallengeUITests */ = {
			isa = PBXNativeTarget;
			buildConfigurationList = 7B9AFF3E2A5E242B00B75C28 /* Build configuration list for PBXNativeTarget "Fetch-Coding-ChallengeUITests" */;
			buildPhases = (
				7B9AFF2A2A5E242B00B75C28 /* Sources */,
				7B9AFF2B2A5E242B00B75C28 /* Frameworks */,
				7B9AFF2C2A5E242B00B75C28 /* Resources */,
			);
			buildRules = (
			);
			dependencies = (
				7B9AFF302A5E242B00B75C28 /* PBXTargetDependency */,
			);
			name = "Fetch-Coding-ChallengeUITests";
			productName = "Fetch-Coding-ChallengeUITests";
			productReference = 7B9AFF2E2A5E242B00B75C28 /* Fetch-Coding-ChallengeUITests.xctest */;
			productType = "com.apple.product-type.bundle.ui-testing";
		};
/* End PBXNativeTarget section */

/* Begin PBXProject section */
		7B9AFF0C2A5E242800B75C28 /* Project object */ = {
			isa = PBXProject;
			attributes = {
				BuildIndependentTargetsInParallel = 1;
				LastSwiftUpdateCheck = 1430;
				LastUpgradeCheck = 1430;
				TargetAttributes = {
					7B9AFF132A5E242800B75C28 = {
						CreatedOnToolsVersion = 14.3.1;
					};
					7B9AFF232A5E242B00B75C28 = {
						CreatedOnToolsVersion = 14.3.1;
						TestTargetID = 7B9AFF132A5E242800B75C28;
					};
					7B9AFF2D2A5E242B00B75C28 = {
						CreatedOnToolsVersion = 14.3.1;
						TestTargetID = 7B9AFF132A5E242800B75C28;
					};
				};
			};
			buildConfigurationList = 7B9AFF0F2A5E242800B75C28 /* Build configuration list for PBXProject "Fetch-Coding-Challenge" */;
			compatibilityVersion = "Xcode 14.0";
			developmentRegion = en;
			hasScannedForEncodings = 0;
			knownRegions = (
				en,
				Base,
			);
			mainGroup = 7B9AFF0B2A5E242800B75C28;
			productRefGroup = 7B9AFF152A5E242800B75C28 /* Products */;
			projectDirPath = "";
			projectRoot = "";
			targets = (
				7B9AFF132A5E242800B75C28 /* Fetch-Coding-Challenge */,
				7B9AFF232A5E242B00B75C28 /* Fetch-Coding-ChallengeTests */,
				7B9AFF2D2A5E242B00B75C28 /* Fetch-Coding-ChallengeUITests */,
			);
		};
/* End PBXProject section */

/* Begin PBXResourcesBuildPhase section */
		7B9AFF122A5E242800B75C28 /* Resources */ = {
			isa = PBXResourcesBuildPhase;
			buildActionMask = 2147483647;
			files = (
				7B9AFF1F2A5E242A00B75C28 /* Preview Assets.xcassets in Resources */,
				7B9AFF1C2A5E242A00B75C28 /* Assets.xcassets in Resources */,
			);
			runOnlyForDeploymentPostprocessing = 0;
		};
		7B9AFF222A5E242B00B75C28 /* Resources */ = {
			isa = PBXResourcesBuildPhase;
			buildActionMask = 2147483647;
			files = (
			);
			runOnlyForDeploymentPostprocessing = 0;
		};
		7B9AFF2C2A5E242B00B75C28 /* Resources */ = {
			isa = PBXResourcesBuildPhase;
			buildActionMask = 2147483647;
			files = (
			);
			runOnlyForDeploymentPostprocessing = 0;
		};
/* End PBXResourcesBuildPhase section */

/* Begin PBXSourcesBuildPhase section */
		7B9AFF102A5E242800B75C28 /* Sources */ = {
			isa = PBXSourcesBuildPhase;
			buildActionMask = 2147483647;
			files = (
				7B9AFF1A2A5E242800B75C28 /* ContentView.swift in Sources */,
				7B9AFF182A5E242800B75C28 /* Fetch_Coding_ChallengeApp.swift in Sources */,
			);
			runOnlyForDeploymentPostprocessing = 0;
		};
		7B9AFF202A5E242B00B75C28 /* Sources */ = {
			isa = PBXSourcesBuildPhase;
			buildActionMask = 2147483647;
			files = (
				7B9AFF292A5E242B00B75C28 /* Fetch_Coding_ChallengeTests.swift in Sources */,
			);
			runOnlyForDeploymentPostprocessing = 0;
		};
		7B9AFF2A2A5E242B00B75C28 /* Sources */ = {
			isa = PBXSourcesBuildPhase;
			buildActionMask = 2147483647;
			files = (
				7B9AFF332A5E242B00B75C28 /* Fetch_Coding_ChallengeUITests.swift in Sources */,
				7B9AFF352A5E242B00B75C28 /* Fetch_Coding_ChallengeUITestsLaunchTests.swift in Sources */,
			);
			runOnlyForDeploymentPostprocessing = 0;
		};
/* End PBXSourcesBuildPhase section */

/* Begin PBXTargetDependency section */
		7B9AFF262A5E242B00B75C28 /* PBXTargetDependency */ = {
			isa = PBXTargetDependency;
			target = 7B9AFF132A5E242800B75C28 /* Fetch-Coding-Challenge */;
			targetProxy = 7B9AFF252A5E242B00B75C28 /* PBXContainerItemProxy */;
		};
		7B9AFF302A5E242B00B75C28 /* PBXTargetDependency */ = {
			isa = PBXTargetDependency;
			target = 7B9AFF132A5E242800B75C28 /* Fetch-Coding-Challenge */;
			targetProxy = 7B9AFF2F2A5E242B00B75C28 /* PBXContainerItemProxy */;
		};
/* End PBXTargetDependency section */

/* Begin XCBuildConfiguration section */
		7B9AFF362A5E242B00B75C28 /* Debug */ = {
			isa = XCBuildConfiguration;
			buildSettings = {
				ALWAYS_SEARCH_USER_PATHS = NO;
				CLANG_ANALYZER_NONNULL = YES;
				CLANG_ANALYZER_NUMBER_OBJECT_CONVERSION = YES_AGGRESSIVE;
				CLANG_CXX_LANGUAGE_STANDARD = "gnu++20";
				CLANG_ENABLE_MODULES = YES;
				CLANG_ENABLE_OBJC_ARC = YES;
				CLANG_ENABLE_OBJC_WEAK = YES;
				CLANG_WARN_BLOCK_CAPTURE_AUTORELEASING = YES;
				CLANG_WARN_BOOL_CONVERSION = YES;
				CLANG_WARN_COMMA = YES;
				CLANG_WARN_CONSTANT_CONVERSION = YES;
				CLANG_WARN_DEPRECATED_OBJC_IMPLEMENTATIONS = YES;
				CLANG_WARN_DIRECT_OBJC_ISA_USAGE = YES_ERROR;
				CLANG_WARN_DOCUMENTATION_COMMENTS = YES;
				CLANG_WARN_EMPTY_BODY = YES;
				CLANG_WARN_ENUM_CONVERSION = YES;
				CLANG_WARN_INFINITE_RECURSION = YES;
				CLANG_WARN_INT_CONVERSION = YES;
				CLANG_WARN_NON_LITERAL_NULL_CONVERSION = YES;
				CLANG_WARN_OBJC_IMPLICIT_RETAIN_SELF = YES;
				CLANG_WARN_OBJC_LITERAL_CONVERSION = YES;
				CLANG_WARN_OBJC_ROOT_CLASS = YES_ERROR;
				CLANG_WARN_QUOTED_INCLUDE_IN_FRAMEWORK_HEADER = YES;
				CLANG_WARN_RANGE_LOOP_ANALYSIS = YES;
				CLANG_WARN_STRICT_PROTOTYPES = YES;
				CLANG_WARN_SUSPICIOUS_MOVE = YES;
				CLANG_WARN_UNGUARDED_AVAILABILITY = YES_AGGRESSIVE;
				CLANG_WARN_UNREACHABLE_CODE = YES;
				CLANG_WARN__DUPLICATE_METHOD_MATCH = YES;
				COPY_PHASE_STRIP = NO;
				DEBUG_INFORMATION_FORMAT = dwarf;
				ENABLE_STRICT_OBJC_MSGSEND = YES;
				ENABLE_TESTABILITY = YES;
				GCC_C_LANGUAGE_STANDARD = gnu11;
				GCC_DYNAMIC_NO_PIC = NO;
				GCC_NO_COMMON_BLOCKS = YES;
				GCC_OPTIMIZATION_LEVEL = 0;
				GCC_PREPROCESSOR_DEFINITIONS = (
					"DEBUG=1",
					"$(inherited)",
				);
				GCC_WARN_64_TO_32_BIT_CONVERSION = YES;
				GCC_WARN_ABOUT_RETURN_TYPE = YES_ERROR;
				GCC_WARN_UNDECLARED_SELECTOR = YES;
				GCC_WARN_UNINITIALIZED_AUTOS = YES_AGGRESSIVE;
				GCC_WARN_UNUSED_FUNCTION = YES;
				GCC_WARN_UNUSED_VARIABLE = YES;
				IPHONEOS_DEPLOYMENT_TARGET = 16.4;
				MTL_ENABLE_DEBUG_INFO = INCLUDE_SOURCE;
				MTL_FAST_MATH = YES;
				ONLY_ACTIVE_ARCH = YES;
				SDKROOT = iphoneos;
				SWIFT_ACTIVE_COMPILATION_CONDITIONS = DEBUG;
				SWIFT_OPTIMIZATION_LEVEL = "-Onone";
			};
			name = Debug;
		};
		7B9AFF372A5E242B00B75C28 /* Release */ = {
			isa = XCBuildConfiguration;
			buildSettings = {
				ALWAYS_SEARCH_USER_PATHS = NO;
				CLANG_ANALYZER_NONNULL = YES;
				CLANG_ANALYZER_NUMBER_OBJECT_CONVERSION = YES_AGGRESSIVE;
				CLANG_CXX_LANGUAGE_STANDARD = "gnu++20";
				CLANG_ENABLE_MODULES = YES;
				CLANG_ENABLE_OBJC_ARC = YES;
				CLANG_ENABLE_OBJC_WEAK = YES;
				CLANG_WARN_BLOCK_CAPTURE_AUTORELEASING = YES;
				CLANG_WARN_BOOL_CONVERSION = YES;
				CLANG_WARN_COMMA = YES;
				CLANG_WARN_CONSTANT_CONVERSION = YES;
				CLANG_WARN_DEPRECATED_OBJC_IMPLEMENTATIONS = YES;
				CLANG_WARN_DIRECT_OBJC_ISA_USAGE = YES_ERROR;
				CLANG_WARN_DOCUMENTATION_COMMENTS = YES;
				CLANG_WARN_EMPTY_BODY = YES;
				CLANG_WARN_ENUM_CONVERSION = YES;
				CLANG_WARN_INFINITE_RECURSION = YES;
				CLANG_WARN_INT_CONVERSION = YES;
				CLANG_WARN_NON_LITERAL_NULL_CONVERSION = YES;
				CLANG_WARN_OBJC_IMPLICIT_RETAIN_SELF = YES;
				CLANG_WARN_OBJC_LITERAL_CONVERSION = YES;
				CLANG_WARN_OBJC_ROOT_CLASS = YES_ERROR;
				CLANG_WARN_QUOTED_INCLUDE_IN_FRAMEWORK_HEADER = YES;
				CLANG_WARN_RANGE_LOOP_ANALYSIS = YES;
				CLANG_WARN_STRICT_PROTOTYPES = YES;
				CLANG_WARN_SUSPICIOUS_MOVE = YES;
				CLANG_WARN_UNGUARDED_AVAILABILITY = YES_AGGRESSIVE;
				CLANG_WARN_UNREACHABLE_CODE = YES;
				CLANG_WARN__DUPLICATE_METHOD_MATCH = YES;
				COPY_PHASE_STRIP = NO;
				DEBUG_INFORMATION_FORMAT = "dwarf-with-dsym";
				ENABLE_NS_ASSERTIONS = NO;
				ENABLE_STRICT_OBJC_MSGSEND = YES;
				GCC_C_LANGUAGE_STANDARD = gnu11;
				GCC_NO_COMMON_BLOCKS = YES;
				GCC_WARN_64_TO_32_BIT_CONVERSION = YES;
				GCC_WARN_ABOUT_RETURN_TYPE = YES_ERROR;
				GCC_WARN_UNDECLARED_SELECTOR = YES;
				GCC_WARN_UNINITIALIZED_AUTOS = YES_AGGRESSIVE;
				GCC_WARN_UNUSED_FUNCTION = YES;
				GCC_WARN_UNUSED_VARIABLE = YES;
				IPHONEOS_DEPLOYMENT_TARGET = 16.4;
				MTL_ENABLE_DEBUG_INFO = NO;
				MTL_FAST_MATH = YES;
				SDKROOT = iphoneos;
				SWIFT_COMPILATION_MODE = wholemodule;
				SWIFT_OPTIMIZATION_LEVEL = "-O";
				VALIDATE_PRODUCT = YES;
			};
			name = Release;
		};
		7B9AFF392A5E242B00B75C28 /* Debug */ = {
			isa = XCBuildConfiguration;
			buildSettings = {
				ASSETCATALOG_COMPILER_APPICON_NAME = AppIcon;
				ASSETCATALOG_COMPILER_GLOBAL_ACCENT_COLOR_NAME = AccentColor;
				CODE_SIGN_STYLE = Automatic;
				CURRENT_PROJECT_VERSION = 1;
				DEVELOPMENT_ASSET_PATHS = "\"Fetch-Coding-Challenge/Preview Content\"";
				DEVELOPMENT_TEAM = 62RA2G4HF7;
				ENABLE_PREVIEWS = YES;
				GENERATE_INFOPLIST_FILE = YES;
				INFOPLIST_KEY_UIApplicationSceneManifest_Generation = YES;
				INFOPLIST_KEY_UIApplicationSupportsIndirectInputEvents = YES;
				INFOPLIST_KEY_UILaunchScreen_Generation = YES;
				INFOPLIST_KEY_UISupportedInterfaceOrientations_iPad = "UIInterfaceOrientationPortrait UIInterfaceOrientationPortraitUpsideDown UIInterfaceOrientationLandscapeLeft UIInterfaceOrientationLandscapeRight";
				INFOPLIST_KEY_UISupportedInterfaceOrientations_iPhone = "UIInterfaceOrientationPortrait UIInterfaceOrientationLandscapeLeft UIInterfaceOrientationLandscapeRight";
				LD_RUNPATH_SEARCH_PATHS = (
					"$(inherited)",
					"@executable_path/Frameworks",
				);
				MARKETING_VERSION = 1.0;
				PRODUCT_BUNDLE_IDENTIFIER = "com.chaekwe.Fetch-Coding-Challenge";
				PRODUCT_NAME = "$(TARGET_NAME)";
				SWIFT_EMIT_LOC_STRINGS = YES;
				SWIFT_VERSION = 5.0;
				TARGETED_DEVICE_FAMILY = "1,2";
			};
			name = Debug;
		};
		7B9AFF3A2A5E242B00B75C28 /* Release */ = {
			isa = XCBuildConfiguration;
			buildSettings = {
				ASSETCATALOG_COMPILER_APPICON_NAME = AppIcon;
				ASSETCATALOG_COMPILER_GLOBAL_ACCENT_COLOR_NAME = AccentColor;
				CODE_SIGN_STYLE = Automatic;
				CURRENT_PROJECT_VERSION = 1;
				DEVELOPMENT_ASSET_PATHS = "\"Fetch-Coding-Challenge/Preview Content\"";
				DEVELOPMENT_TEAM = 62RA2G4HF7;
				ENABLE_PREVIEWS = YES;
				GENERATE_INFOPLIST_FILE = YES;
				INFOPLIST_KEY_UIApplicationSceneManifest_Generation = YES;
				INFOPLIST_KEY_UIApplicationSupportsIndirectInputEvents = YES;
				INFOPLIST_KEY_UILaunchScreen_Generation = YES;
				INFOPLIST_KEY_UISupportedInterfaceOrientations_iPad = "UIInterfaceOrientationPortrait UIInterfaceOrientationPortraitUpsideDown UIInterfaceOrientationLandscapeLeft UIInterfaceOrientationLandscapeRight";
				INFOPLIST_KEY_UISupportedInterfaceOrientations_iPhone = "UIInterfaceOrientationPortrait UIInterfaceOrientationLandscapeLeft UIInterfaceOrientationLandscapeRight";
				LD_RUNPATH_SEARCH_PATHS = (
					"$(inherited)",
					"@executable_path/Frameworks",
				);
				MARKETING_VERSION = 1.0;
				PRODUCT_BUNDLE_IDENTIFIER = "com.chaekwe.Fetch-Coding-Challenge";
				PRODUCT_NAME = "$(TARGET_NAME)";
				SWIFT_EMIT_LOC_STRINGS = YES;
				SWIFT_VERSION = 5.0;
				TARGETED_DEVICE_FAMILY = "1,2";
			};
			name = Release;
		};
		7B9AFF3C2A5E242B00B75C28 /* Debug */ = {
			isa = XCBuildConfiguration;
			buildSettings = {
				ALWAYS_EMBED_SWIFT_STANDARD_LIBRARIES = YES;
				BUNDLE_LOADER = "$(TEST_HOST)";
				CODE_SIGN_STYLE = Automatic;
				CURRENT_PROJECT_VERSION = 1;
				DEVELOPMENT_TEAM = 62RA2G4HF7;
				GENERATE_INFOPLIST_FILE = YES;
				IPHONEOS_DEPLOYMENT_TARGET = 16.4;
				MARKETING_VERSION = 1.0;
				PRODUCT_BUNDLE_IDENTIFIER = "com.chaekwe.Fetch-Coding-ChallengeTests";
				PRODUCT_NAME = "$(TARGET_NAME)";
				SWIFT_EMIT_LOC_STRINGS = NO;
				SWIFT_VERSION = 5.0;
				TARGETED_DEVICE_FAMILY = "1,2";
				TEST_HOST = "$(BUILT_PRODUCTS_DIR)/Fetch-Coding-Challenge.app/$(BUNDLE_EXECUTABLE_FOLDER_PATH)/Fetch-Coding-Challenge";
			};
			name = Debug;
		};
		7B9AFF3D2A5E242B00B75C28 /* Release */ = {
			isa = XCBuildConfiguration;
			buildSettings = {
				ALWAYS_EMBED_SWIFT_STANDARD_LIBRARIES = YES;
				BUNDLE_LOADER = "$(TEST_HOST)";
				CODE_SIGN_STYLE = Automatic;
				CURRENT_PROJECT_VERSION = 1;
				DEVELOPMENT_TEAM = 62RA2G4HF7;
				GENERATE_INFOPLIST_FILE = YES;
				IPHONEOS_DEPLOYMENT_TARGET = 16.4;
				MARKETING_VERSION = 1.0;
				PRODUCT_BUNDLE_IDENTIFIER = "com.chaekwe.Fetch-Coding-ChallengeTests";
				PRODUCT_NAME = "$(TARGET_NAME)";
				SWIFT_EMIT_LOC_STRINGS = NO;
				SWIFT_VERSION = 5.0;
				TARGETED_DEVICE_FAMILY = "1,2";
				TEST_HOST = "$(BUILT_PRODUCTS_DIR)/Fetch-Coding-Challenge.app/$(BUNDLE_EXECUTABLE_FOLDER_PATH)/Fetch-Coding-Challenge";
			};
			name = Release;
		};
		7B9AFF3F2A5E242B00B75C28 /* Debug */ = {
			isa = XCBuildConfiguration;
			buildSettings = {
				ALWAYS_EMBED_SWIFT_STANDARD_LIBRARIES = YES;
				CODE_SIGN_STYLE = Automatic;
				CURRENT_PROJECT_VERSION = 1;
				DEVELOPMENT_TEAM = 62RA2G4HF7;
				GENERATE_INFOPLIST_FILE = YES;
				MARKETING_VERSION = 1.0;
				PRODUCT_BUNDLE_IDENTIFIER = "com.chaekwe.Fetch-Coding-ChallengeUITests";
				PRODUCT_NAME = "$(TARGET_NAME)";
				SWIFT_EMIT_LOC_STRINGS = NO;
				SWIFT_VERSION = 5.0;
				TARGETED_DEVICE_FAMILY = "1,2";
				TEST_TARGET_NAME = "Fetch-Coding-Challenge";
			};
			name = Debug;
		};
		7B9AFF402A5E242B00B75C28 /* Release */ = {
			isa = XCBuildConfiguration;
			buildSettings = {
				ALWAYS_EMBED_SWIFT_STANDARD_LIBRARIES = YES;
				CODE_SIGN_STYLE = Automatic;
				CURRENT_PROJECT_VERSION = 1;
				DEVELOPMENT_TEAM = 62RA2G4HF7;
				GENERATE_INFOPLIST_FILE = YES;
				MARKETING_VERSION = 1.0;
				PRODUCT_BUNDLE_IDENTIFIER = "com.chaekwe.Fetch-Coding-ChallengeUITests";
				PRODUCT_NAME = "$(TARGET_NAME)";
				SWIFT_EMIT_LOC_STRINGS = NO;
				SWIFT_VERSION = 5.0;
				TARGETED_DEVICE_FAMILY = "1,2";
				TEST_TARGET_NAME = "Fetch-Coding-Challenge";
			};
			name = Release;
		};
/* End XCBuildConfiguration section */

/* Begin XCConfigurationList section */
		7B9AFF0F2A5E242800B75C28 /* Build configuration list for PBXProject "Fetch-Coding-Challenge" */ = {
			isa = XCConfigurationList;
			buildConfigurations = (
				7B9AFF362A5E242B00B75C28 /* Debug */,
				7B9AFF372A5E242B00B75C28 /* Release */,
			);
			defaultConfigurationIsVisible = 0;
			defaultConfigurationName = Release;
		};
		7B9AFF382A5E242B00B75C28 /* Build configuration list for PBXNativeTarget "Fetch-Coding-Challenge" */ = {
			isa = XCConfigurationList;
			buildConfigurations = (
				7B9AFF392A5E242B00B75C28 /* Debug */,
				7B9AFF3A2A5E242B00B75C28 /* Release */,
			);
			defaultConfigurationIsVisible = 0;
			defaultConfigurationName = Release;
		};
		7B9AFF3B2A5E242B00B75C28 /* Build configuration list for PBXNativeTarget "Fetch-Coding-ChallengeTests" */ = {
			isa = XCConfigurationList;
			buildConfigurations = (
				7B9AFF3C2A5E242B00B75C28 /* Debug */,
				7B9AFF3D2A5E242B00B75C28 /* Release */,
			);
			defaultConfigurationIsVisible = 0;
			defaultConfigurationName = Release;
		};
		7B9AFF3E2A5E242B00B75C28 /* Build configuration list for PBXNativeTarget "Fetch-Coding-ChallengeUITests" */ = {
			isa = XCConfigurationList;
			buildConfigurations = (
				7B9AFF3F2A5E242B00B75C28 /* Debug */,
				7B9AFF402A5E242B00B75C28 /* Release */,
			);
			defaultConfigurationIsVisible = 0;
			defaultConfigurationName = Release;
		};
/* End XCConfigurationList section */
	};
	rootObject = 7B9AFF0C2A5E242800B75C28 /* Project object */;
}
